
Microsoft Visual Studio Solution File, Format Version 12.00
# Visual Studio Version 17
VisualStudioVersion = 17.13.35931.197 d17.13
MinimumVisualStudioVersion = 10.0.40219.1
Project("{FAE04EC0-301F-11D3-BF4B-00C04F79EFBC}") = "lista 2 exercicio 9.1", "lista 2 exercicio 9.1\lista 2 exercicio 9.1.csproj", "{B76F3078-9295-4DFE-9786-623B62592AE2}"
EndProject
Global
	GlobalSection(SolutionConfigurationPlatforms) = preSolution
		Debug|Any CPU = Debug|Any CPU
		Release|Any CPU = Release|Any CPU
	EndGlobalSection
	GlobalSection(ProjectConfigurationPlatforms) = postSolution
		{B76F3078-9295-4DFE-9786-623B62592AE2}.Debug|Any CPU.ActiveCfg = Debug|Any CPU
		{B76F3078-9295-4DFE-9786-623B62592AE2}.Debug|Any CPU.Build.0 = Debug|Any CPU
		{B76F3078-9295-4DFE-9786-623B62592AE2}.Release|Any CPU.ActiveCfg = Release|Any CPU
		{B76F3078-9295-4DFE-9786-623B62592AE2}.Release|Any CPU.Build.0 = Release|Any CPU
	EndGlobalSection
	GlobalSection(SolutionProperties) = preSolution
		HideSolutionNode = FALSE
	EndGlobalSection
	GlobalSection(ExtensibilityGlobals) = postSolution
		SolutionGuid = {DBBA04B9-25CB-422F-A110-2F215F1D4618}
	EndGlobalSection
EndGlobal
