
Microsoft Visual Studio Solution File, Format Version 12.00
# Visual Studio Version 17
VisualStudioVersion = 17.3.32825.248
MinimumVisualStudioVersion = 10.0.40219.1
Project("{FAE04EC0-301F-11D3-BF4B-00C04F79EFBC}") = "lista 2 exercicio 8", "lista 2 exercicio 8\lista 2 exercicio 8.csproj", "{243F0328-B177-4902-B3D0-3394F0ECC8D5}"
EndProject
Global
	GlobalSection(SolutionConfigurationPlatforms) = preSolution
		Debug|Any CPU = Debug|Any CPU
		Release|Any CPU = Release|Any CPU
	EndGlobalSection
	GlobalSection(ProjectConfigurationPlatforms) = postSolution
		{243F0328-B177-4902-B3D0-3394F0ECC8D5}.Debug|Any CPU.ActiveCfg = Debug|Any CPU
		{243F0328-B177-4902-B3D0-3394F0ECC8D5}.Debug|Any CPU.Build.0 = Debug|Any CPU
		{243F0328-B177-4902-B3D0-3394F0ECC8D5}.Release|Any CPU.ActiveCfg = Release|Any CPU
		{243F0328-B177-4902-B3D0-3394F0ECC8D5}.Release|Any CPU.Build.0 = Release|Any CPU
	EndGlobalSection
	GlobalSection(SolutionProperties) = preSolution
		HideSolutionNode = FALSE
	EndGlobalSection
	GlobalSection(ExtensibilityGlobals) = postSolution
		SolutionGuid = {E1239A32-E3ED-4F52-BCC5-87BC17FA5D01}
	EndGlobalSection
EndGlobal
